
Microsoft Visual Studio Solution File, Format Version 12.00
# Visual Studio Version 16
VisualStudioVersion = 16.0.29102.190
MinimumVisualStudioVersion = 10.0.40219.1
Project("{9A19103F-16F7-4668-BE54-9A1E7A4F7556}") = "Platform.Memory", "Platform.Memory\Platform.Memory.csproj", "{71D4D3FF-AAD0-4424-B7C3-BC91293A311E}"
EndProject
Project("{FAE04EC0-301F-11D3-BF4B-00C04F79EFBC}") = "Platform.Memory.Tests", "Platform.Memory.Tests\Platform.Memory.Tests.csproj", "{4AECA3D1-A3D1-45B7-B709-DE996580AEE9}"
EndProject
Global
	GlobalSection(SolutionConfigurationPlatforms) = preSolution
		Debug|Any CPU = Debug|Any CPU
		Release|Any CPU = Release|Any CPU
	EndGlobalSection
	GlobalSection(ProjectConfigurationPlatforms) = postSolution
		{71D4D3FF-AAD0-4424-B7C3-BC91293A311E}.Debug|Any CPU.ActiveCfg = Debug|Any CPU
		{71D4D3FF-AAD0-4424-B7C3-BC91293A311E}.Debug|Any CPU.Build.0 = Debug|Any CPU
		{71D4D3FF-AAD0-4424-B7C3-BC91293A311E}.Release|Any CPU.ActiveCfg = Release|Any CPU
		{71D4D3FF-AAD0-4424-B7C3-BC91293A311E}.Release|Any CPU.Build.0 = Release|Any CPU
		{4AECA3D1-A3D1-45B7-B709-DE996580AEE9}.Debug|Any CPU.ActiveCfg = Debug|Any CPU
		{4AECA3D1-A3D1-45B7-B709-DE996580AEE9}.Debug|Any CPU.Build.0 = Debug|Any CPU
		{4AECA3D1-A3D1-45B7-B709-DE996580AEE9}.Release|Any CPU.ActiveCfg = Release|Any CPU
		{4AECA3D1-A3D1-45B7-B709-DE996580AEE9}.Release|Any CPU.Build.0 = Release|Any CPU
	EndGlobalSection
	GlobalSection(SolutionProperties) = preSolution
		HideSolutionNode = FALSE
	EndGlobalSection
	GlobalSection(ExtensibilityGlobals) = postSolution
		SolutionGuid = {6F720022-33AE-4244-AD89-4C348EC7AB72}
	EndGlobalSection
EndGlobal
